
Microsoft Visual Studio Solution File, Format Version 12.00
Project("{FAE04EC0-301F-11D3-BF4B-00C04F79EFBC}") = "Wbskt.Client", "Wbskt.Client\Wbskt.Client.csproj", "{2D43477C-4DB2-4994-BE7C-950938DC5603}"
EndProject
Project("{2150E333-8FDC-42A3-9474-1A3956D46DE8}") = "SolutionItems", "SolutionItems", "{1F2B8480-FAB3-4AC9-8C81-6D8187FD480B}"
	ProjectSection(SolutionItems) = preProject
		Directory.Packages.props = Directory.Packages.props
		nuget.config = nuget.config
		global.json = global.json
	EndProjectSection
EndProject
Global
	GlobalSection(SolutionConfigurationPlatforms) = preSolution
		Debug|Any CPU = Debug|Any CPU
		Release|Any CPU = Release|Any CPU
	EndGlobalSection
	GlobalSection(ProjectConfigurationPlatforms) = postSolution
		{2D43477C-4DB2-4994-BE7C-950938DC5603}.Debug|Any CPU.ActiveCfg = Debug|Any CPU
		{2D43477C-4DB2-4994-BE7C-950938DC5603}.Debug|Any CPU.Build.0 = Debug|Any CPU
		{2D43477C-4DB2-4994-BE7C-950938DC5603}.Release|Any CPU.ActiveCfg = Release|Any CPU
		{2D43477C-4DB2-4994-BE7C-950938DC5603}.Release|Any CPU.Build.0 = Release|Any CPU
	EndGlobalSection
EndGlobal
